# THIS IS AN AUTOGENERATED FILE. DO NOT EDIT THIS FILE DIRECTLY.
# yarn lockfile v1


"@types/graphql@^0.9.0":
  version "0.9.0"
  resolved "https://registry.yarnpkg.com/@types/graphql/-/graphql-0.9.0.tgz#fccf859f0d2817687f210737dc3be48a18b1d754"

babel-runtime@^6.23.0:
  version "6.23.0"
  resolved "https://registry.yarnpkg.com/babel-runtime/-/babel-runtime-6.23.0.tgz#0a9489f144de70efb3ce4300accdb329e2fc543b"
  dependencies:
    core-js "^2.4.0"
    regenerator-runtime "^0.10.0"

core-js@^2.4.0:
  version "2.4.1"
  resolved "https://registry.yarnpkg.com/core-js/-/core-js-2.4.1.tgz#4de911e667b0eae9124e34254b53aea6fc618d3e"

deprecated-decorator@^0.1.6:
  version "0.1.6"
  resolved "https://registry.yarnpkg.com/deprecated-decorator/-/deprecated-decorator-0.1.6.tgz#00966317b7a12fe92f3cc831f7583af329b86c37"

graphql-tools@^0.11.0:
  version "0.11.0"
  resolved "https://registry.yarnpkg.com/graphql-tools/-/graphql-tools-0.11.0.tgz#14c372f6ddad7e63a757094d541a937d6b31b7da"
  dependencies:
    deprecated-decorator "^0.1.6"
    lodash "^4.3.0"
    uuid "^3.0.1"
  optionalDependencies:
    "@types/graphql" "^0.9.0"

graphql@^0.9.3:
  version "0.9.3"
  resolved "https://registry.yarnpkg.com/graphql/-/graphql-0.9.3.tgz#71fc0fa331bffb9c20678485861cfb370803118e"
  dependencies:
    iterall "1.0.3"

iterall@1.0.3:
  version "1.0.3"
  resolved "https://registry.yarnpkg.com/iterall/-/iterall-1.0.3.tgz#e0b31958f835013c323ff0b10943829ac69aa4b7"

lodash@^4.3.0:
  version "4.17.4"
  resolved "https://registry.yarnpkg.com/lodash/-/lodash-4.17.4.tgz#78203a4d1c328ae1d86dca6460e369b57f4055ae"

regenerator-runtime@^0.10.0:
  version "0.10.3"
  resolved "https://registry.yarnpkg.com/regenerator-runtime/-/regenerator-runtime-0.10.3.tgz#8c4367a904b51ea62a908ac310bf99ff90a82a3e"

uuid@^3.0.1:
  version "3.0.1"
  resolved "https://registry.yarnpkg.com/uuid/-/uuid-3.0.1.tgz#6544bba2dfda8c1cf17e629a3a305e2bb1fee6c1"
